{
  "name": "void-image-genrator",
  "version": "0.0.1",
  "lockfileVersion": 3,
  "requires": true,
  "packages": {
    "": {
      "name": "void-image-genrator",
      "version": "0.0.1",
      "license": "MIT",
      "dependencies": {
        "djs-commander": "^0.0.45",
        "replicate": "^0.11.1"
      },
      "devDependencies": {}
    },
    "node_modules/djs-commander": {
      "version": "0.0.45",
      "resolved": "https://registry.npmjs.org/djs-commander/-/djs-commander-0.0.45.tgz",
      "integrity": "sha512-y5DiBetAOAW6OBQZn3P+uhzhlUw4izugMBWWUePZoJh6uRj+LogY/BvBr2wbJZIoxAzrYvZkfNIqAUqrxej8jQ=="
    },
    "node_modules/replicate": {
      "version": "0.11.1",
      "resolved": "https://registry.npmjs.org/replicate/-/replicate-0.11.1.tgz",
      "integrity": "sha512-PJ5qFQj7y4JfajiRg06ly1NYiH3z2QTuEGbNTBRO5t53dv55eDAc0gOqfVMUYbOvXi9m5jkDpz+W2TwSO8YiOg=="
    }
  }
}
